
Microsoft Visual Studio Solution File, Format Version 12.00
# Visual Studio Version 16
VisualStudioVersion = 16.0.28714.193
MinimumVisualStudioVersion = 10.0.40219.1
Project("{FAE04EC0-301F-11D3-BF4B-00C04F79EFBC}") = "GitAutomation", "GitAutomation.csproj", "{09C46859-70B4-40E8-8C8B-1754ABB3CC78}"
EndProject
Global
	GlobalSection(SolutionConfigurationPlatforms) = preSolution
		Debug|Any CPU = Debug|Any CPU
		Release|Any CPU = Release|Any CPU
	EndGlobalSection
	GlobalSection(ProjectConfigurationPlatforms) = postSolution
		{09C46859-70B4-40E8-8C8B-1754ABB3CC78}.Debug|Any CPU.ActiveCfg = Debug|Any CPU
		{09C46859-70B4-40E8-8C8B-1754ABB3CC78}.Debug|Any CPU.Build.0 = Debug|Any CPU
		{09C46859-70B4-40E8-8C8B-1754ABB3CC78}.Release|Any CPU.ActiveCfg = Release|Any CPU
		{09C46859-70B4-40E8-8C8B-1754ABB3CC78}.Release|Any CPU.Build.0 = Release|Any CPU
	EndGlobalSection
	GlobalSection(SolutionProperties) = preSolution
		HideSolutionNode = FALSE
	EndGlobalSection
	GlobalSection(ExtensibilityGlobals) = postSolution
		SolutionGuid = {E7A7959C-3C3A-41CA-94CC-C1CCC7CDE8D9}
	EndGlobalSection
EndGlobal
